
Microsoft Visual Studio Solution File, Format Version 12.00
# Visual Studio Version 17
VisualStudioVersion = 17.0.32112.339
MinimumVisualStudioVersion = 10.0.40219.1
Project("{FAE04EC0-301F-11D3-BF4B-00C04F79EFBC}") = "lr23", "lr23\lr23.csproj", "{A80B32C1-0174-4BFC-890C-637C6F0A9660}"
EndProject
Global
	GlobalSection(SolutionConfigurationPlatforms) = preSolution
		Debug|Any CPU = Debug|Any CPU
		Release|Any CPU = Release|Any CPU
	EndGlobalSection
	GlobalSection(ProjectConfigurationPlatforms) = postSolution
		{A80B32C1-0174-4BFC-890C-637C6F0A9660}.Debug|Any CPU.ActiveCfg = Debug|Any CPU
		{A80B32C1-0174-4BFC-890C-637C6F0A9660}.Debug|Any CPU.Build.0 = Debug|Any CPU
		{A80B32C1-0174-4BFC-890C-637C6F0A9660}.Release|Any CPU.ActiveCfg = Release|Any CPU
		{A80B32C1-0174-4BFC-890C-637C6F0A9660}.Release|Any CPU.Build.0 = Release|Any CPU
	EndGlobalSection
	GlobalSection(SolutionProperties) = preSolution
		HideSolutionNode = FALSE
	EndGlobalSection
	GlobalSection(ExtensibilityGlobals) = postSolution
		SolutionGuid = {CBC746B3-828F-4E4A-B9A4-763BD5EEA164}
	EndGlobalSection
EndGlobal
